[[package]]
name = "mypy"
version = "1.9.0"
description = "Optional static typing for Python"
category = "dev"
optional = false
python-versions = ">=3.8"

[package.dependencies]
mypy-extensions = ">=1.0.0"
typing-extensions = ">=4.1.0"

[package.extras]
dmypy = ["psutil (>=4.0)"]
install-types = ["pip"]
mypyc = ["setuptools (>=50)"]
reports = ["lxml"]

[[package]]
name = "mypy-extensions"
version = "1.0.0"
description = "Type system extensions for programs checked with the mypy type checker."
category = "dev"
optional = false
python-versions = ">=3.5"

[[package]]
name = "typing-extensions"
version = "4.11.0"
description = "Backported and Experimental Type Hints for Python 3.8+"
category = "dev"
optional = false
python-versions = ">=3.8"

[metadata]
lock-version = "1.1"
python-versions = "^3.11"
content-hash = "38065950d015f08463eac46aeb9b17602568eba3642259c8368a6d5bf16a448e"

[metadata.files]
mypy = []
mypy-extensions = []
typing-extensions = []
